PODS:
  - Firebase/CoreOnly (11.0.0):
    - FirebaseCore (= 11.0.0)
  - firebase_core (3.4.0):
    - Firebase/CoreOnly (~> 11.0.0)
    - FlutterMacOS
  - FirebaseCore (11.0.0):
    - FirebaseCoreInternal (~> 11.0)
    - GoogleUtilities/Environment (~> 8.0)
    - GoogleUtilities/Logger (~> 8.0)
  - FirebaseCoreInternal (11.0.0):
    - "GoogleUtilities/NSData+zlib (~> 8.0)"
  - FlutterMacOS (1.0.0)
  - GoogleUtilities/Environment (8.0.2):
    - GoogleUtilities/Privacy
  - GoogleUtilities/Logger (8.0.2):
    - GoogleUtilities/Environment
    - GoogleUtilities/Privacy
  - "GoogleUtilities/NSData+zlib (8.0.2)":
    - GoogleUtilities/Privacy
  - GoogleUtilities/Privacy (8.0.2)

DEPENDENCIES:
  - firebase_core (from `Flutter/ephemeral/.symlinks/plugins/firebase_core/macos`)
  - FlutterMacOS (from `Flutter/ephemeral`)

SPEC REPOS:
  trunk:
    - Firebase
    - FirebaseCore
    - FirebaseCoreInternal
    - GoogleUtilities

EXTERNAL SOURCES:
  firebase_core:
    :path: Flutter/ephemeral/.symlinks/plugins/firebase_core/macos
  FlutterMacOS:
    :path: Flutter/ephemeral

SPEC CHECKSUMS:
  Firebase: 9f574c08c2396885b5e7e100ed4293d956218af9
  firebase_core: ca9bcfb9835e1bcd5ff205e24a541f6bc04e7a35
  FirebaseCore: 3cf438f431f18c12cdf2aaf64434648b63f7e383
  FirebaseCoreInternal: cac45dbc4824e152fe93cdd5dd46bd503c3fdffb
  FlutterMacOS: 8f6f14fa908a6fb3fba0cd85dbd81ec4b251fb24
  GoogleUtilities: 26a3abef001b6533cf678d3eb38fd3f614b7872d

PODFILE CHECKSUM: 8bcfe7e282318b2bae5e8867cb989f999eadc7dc

COCOAPODS: 1.15.2
